# @generated - this file is auto-generated by `mise lock` https://mise.jdx.dev/dev-tools/mise-lock.html

lockfile_version = 1

[[tools.elixir]]
version = "1.14.0"
backend = "core:elixir"
specifiers = ["1.14.0"]

[tools.elixir."platforms.linux-arm64"]
checksum = "sha256:669f8d7eb545cfa56eda09d6a992899cdf70778270f500bf1f0460985b7df5c5"
url = "https://builds.hex.pm/builds/elixir/v1.14.0.zip"

[tools.elixir."platforms.linux-arm64-musl"]
checksum = "sha256:669f8d7eb545cfa56eda09d6a992899cdf70778270f500bf1f0460985b7df5c5"
url = "https://builds.hex.pm/builds/elixir/v1.14.0.zip"

[tools.elixir."platforms.linux-x64"]
checksum = "sha256:669f8d7eb545cfa56eda09d6a992899cdf70778270f500bf1f0460985b7df5c5"
url = "https://builds.hex.pm/builds/elixir/v1.14.0.zip"

[tools.elixir."platforms.linux-x64-musl"]
checksum = "sha256:669f8d7eb545cfa56eda09d6a992899cdf70778270f500bf1f0460985b7df5c5"
url = "https://builds.hex.pm/builds/elixir/v1.14.0.zip"

[tools.elixir."platforms.macos-arm64"]
checksum = "sha256:669f8d7eb545cfa56eda09d6a992899cdf70778270f500bf1f0460985b7df5c5"
url = "https://builds.hex.pm/builds/elixir/v1.14.0.zip"

[tools.elixir."platforms.macos-x64"]
checksum = "sha256:669f8d7eb545cfa56eda09d6a992899cdf70778270f500bf1f0460985b7df5c5"
url = "https://builds.hex.pm/builds/elixir/v1.14.0.zip"

[tools.elixir."platforms.windows-x64"]
checksum = "sha256:669f8d7eb545cfa56eda09d6a992899cdf70778270f500bf1f0460985b7df5c5"
url = "https://builds.hex.pm/builds/elixir/v1.14.0.zip"

[[tools.erlang]]
version = "25.1.2"
backend = "core:erlang"

[tools.erlang.options]
precompiled_os = "ubuntu-22.04"

[tools.erlang."platforms.linux-arm64"]
url = "https://github.com/erlang/otp/releases/download/OTP-25.1.2/otp_src_25.1.2.tar.gz"
url_api = "https://api.github.com/repos/erlang/otp/releases/assets/82087133"
install = "source"

[tools.erlang."platforms.linux-x64"]
url = "https://github.com/erlang/otp/releases/download/OTP-25.1.2/otp_src_25.1.2.tar.gz"
url_api = "https://api.github.com/repos/erlang/otp/releases/assets/82087133"
install = "source"

[[tools.erlang]]
version = "25.1.2"
backend = "core:erlang"
specifiers = ["25"]

[tools.erlang."platforms.linux-arm64-musl"]
url = "https://github.com/erlang/otp/releases/download/OTP-25.1.2/otp_src_25.1.2.tar.gz"
url_api = "https://api.github.com/repos/erlang/otp/releases/assets/82087133"
install = "source"

[tools.erlang."platforms.linux-x64-musl"]
url = "https://github.com/erlang/otp/releases/download/OTP-25.1.2/otp_src_25.1.2.tar.gz"
url_api = "https://api.github.com/repos/erlang/otp/releases/assets/82087133"
install = "source"

[tools.erlang."platforms.macos-arm64"]
url = "https://github.com/erlef/otp_builds/releases/download/OTP-25.1.2/otp-aarch64-apple-darwin.tar.gz"
url_api = "https://api.github.com/repos/erlef/otp_builds/releases/assets/201825693"

[tools.erlang."platforms.macos-x64"]
url = "https://github.com/erlef/otp_builds/releases/download/OTP-25.1.2/otp-x86_64-apple-darwin.tar.gz"
url_api = "https://api.github.com/repos/erlef/otp_builds/releases/assets/201825977"

[tools.erlang."platforms.windows-x64"]
url = "https://github.com/erlang/otp/releases/download/OTP-25.1.2/otp_win64_25.1.2.zip"
url_api = "https://api.github.com/repos/erlang/otp/releases/assets/192580074"

[[tools.erlang]]
version = "25.1.2"
backend = "core:erlang"
specifiers = ["25"]

[tools.erlang.options]
precompiled_os = "ubuntu-24.04"

[tools.erlang."platforms.linux-arm64"]
url = "https://github.com/erlang/otp/releases/download/OTP-25.1.2/otp_src_25.1.2.tar.gz"
url_api = "https://api.github.com/repos/erlang/otp/releases/assets/82087133"
install = "source"

[tools.erlang."platforms.linux-x64"]
url = "https://github.com/erlang/otp/releases/download/OTP-25.1.2/otp_src_25.1.2.tar.gz"
url_api = "https://api.github.com/repos/erlang/otp/releases/assets/82087133"
install = "source"
